<?xml version="1.0" encoding="UTF-8" standalone="yes" ?>
<CodeBlocks_project_file>
	<FileVersion major="1" minor="6" />
	<Project>
		<Option title="testProj" />
		<Option pch_mode="2" />
		<Option compiler="gcc" />
		<Build>
			<Target title="Debug">
				<Option output="bin/Debug/testProj" prefix_auto="1" extension_auto="1" />
				<Option object_output="obj/Debug/" />
				<Option type="1" />
				<Option compiler="gcc" />
				<Compiler>
					<Add option="-g" />
					<Add directory="C:/AllegroLib_5.2.8/include" />
					<Add directory="D:/AllegroLib_5.2.8/include" />
				</Compiler>
				<Linker>
					<Add option="-lallegro_monolith-debug.dll" />
					<Add option="-lallegro_acodec-debug.dll" />
					<Add option="-lallegro_audio-debug.dll" />
					<Add option="-lallegro_color-debug.dll" />
					<Add option="-lallegro_dialog-debug.dll" />
					<Add option="-lallegro_font-debug.dll" />
					<Add option="-lallegro_image-debug.dll" />
					<Add option="-lallegro_main-debug.dll" />
					<Add option="-lallegro_memfile-debug.dll" />
					<Add option="-lallegro_physfs-debug.dll" />
					<Add option="-lallegro_primitives-debug.dll" />
					<Add option="-lallegro_ttf-debug.dll" />
					<Add option="-lallegro_video-debug.dll" />
					<Add option="-lallegro-debug.dll" />
					<Add option="-ldumb" />
					<Add option="-lFLAC" />
					<Add option="-lfreetype" />
					<Add option="-ljpeg" />
					<Add option="-logg" />
					<Add option="-lopus" />
					<Add option="-lopusfile" />
					<Add option="-lphysfs" />
					<Add option="-lpng16" />
					<Add option="-ltheoradec" />
					<Add option="-lvorbis" />
					<Add option="-lvorbisfile" />
					<Add option="-lwebp" />
					<Add option="-lwebpdecoder" />
					<Add option="-lwebpdemux" />
					<Add option="-lzlib" />
					<Add option="-lstdc++" />
					<Add directory="C:/AllegroLib_5.2.8/lib" />
					<Add directory="D:/AllegroLib_5.2.8/lib" />
				</Linker>
			</Target>
			<Target title="Release">
				<Option output="bin/Release/testProj" prefix_auto="1" extension_auto="1" />
				<Option object_output="obj/Release/" />
				<Option type="1" />
				<Option compiler="gcc" />
				<Compiler>
					<Add option="-O2" />
					<Add directory="C:/AllegroLib_5.2.8/include" />
					<Add directory="D:/AllegroLib_5.2.8/include" />
				</Compiler>
				<Linker>
					<Add option="-s" />
					<Add directory="C:/AllegroLib_5.2.8/lib" />
					<Add directory="D:/AllegroLib_5.2.8/lib" />
				</Linker>
			</Target>
		</Build>
		<Compiler>
			<Add option="-Wall" />
			<Add directory="C:/AllegroLib_5.2.8/include" />
			<Add directory="D:/AllegroLib_5.2.8/include" />
		</Compiler>
		<Linker>
			<Add directory="C:/AllegroLib_5.2.8/lib" />
			<Add directory="D:/AllegroLib_5.2.8/lib" />
		</Linker>
		<Unit filename="AL_general.c">
			<Option compilerVar="CC" />
		</Unit>
		<Unit filename="AL_general.h" />
		<Unit filename="Common.h" />
		<Unit filename="GUI_general.c">
			<Option compilerVar="CC" />
		</Unit>
		<Unit filename="GUI_general.h" />
		<Unit filename="GUI_mouse.c">
			<Option compilerVar="CC" />
		</Unit>
		<Unit filename="main.c">
			<Option compilerVar="CC" />
		</Unit>
		<Unit filename="set.c">
			<Option compilerVar="CC" />
		</Unit>
		<Unit filename="setting.c">
			<Option compilerVar="CC" />
		</Unit>
		<Extensions>
			<lib_finder disable_auto="1" />
		</Extensions>
	</Project>
</CodeBlocks_project_file>
